
Microsoft Visual Studio Solution File, Format Version 11.00
# Visual Studio 2010
Project("{FAE04EC0-301F-11D3-BF4B-00C04F79EFBC}") = "Omega-RaceWindows", "OmegaRace\Omega-RaceWindows.csproj", "{A5FCBC78-811C-4CD5-A30D-33A3ABB78CED}"
EndProject
Project("{FAE04EC0-301F-11D3-BF4B-00C04F79EFBC}") = "Omega-RaceContent", "OmegaRace\Content\Omega-RaceContent.contentproj", "{5E2F601C-A919-414A-AECD-CD1F837F9465}"
EndProject
Global
	GlobalSection(SolutionConfigurationPlatforms) = preSolution
		Debug|x86 = Debug|x86
		Release|x86 = Release|x86
	EndGlobalSection
	GlobalSection(ProjectConfigurationPlatforms) = postSolution
		{A5FCBC78-811C-4CD5-A30D-33A3ABB78CED}.Debug|x86.ActiveCfg = Debug|x86
		{A5FCBC78-811C-4CD5-A30D-33A3ABB78CED}.Debug|x86.Build.0 = Debug|x86
		{A5FCBC78-811C-4CD5-A30D-33A3ABB78CED}.Release|x86.ActiveCfg = Release|x86
		{A5FCBC78-811C-4CD5-A30D-33A3ABB78CED}.Release|x86.Build.0 = Release|x86
		{5E2F601C-A919-414A-AECD-CD1F837F9465}.Debug|x86.ActiveCfg = Debug|x86
		{5E2F601C-A919-414A-AECD-CD1F837F9465}.Release|x86.ActiveCfg = Release|x86
	EndGlobalSection
	GlobalSection(SolutionProperties) = preSolution
		HideSolutionNode = FALSE
	EndGlobalSection
EndGlobal
